<?xml version="1.0" encoding="utf-8"?>
<Project ToolsVersion="4.0" xmlns="http://schemas.microsoft.com/developer/msbuild/2003">
  <ItemGroup>
    <Filter Include="Source Files">
      <UniqueIdentifier>{4FC737F1-C7A5-4376-A066-2A32D752A2FF}</UniqueIdentifier>
      <Extensions>cpp;c;cc;cxx;def;odl;idl;hpj;bat;asm;asmx</Extensions>
    </Filter>
    <Filter Include="Header Files">
      <UniqueIdentifier>{93995380-89BD-4b04-88EB-625FBE52EBFB}</UniqueIdentifier>
      <Extensions>h;hpp;hxx;hm;inl;inc;xsd</Extensions>
    </Filter>
    <Filter Include="Resource Files">
      <UniqueIdentifier>{67DA6AB6-F800-4c08-8B7A-83BB121AAD01}</UniqueIdentifier>
      <Extensions>rc;ico;cur;bmp;dlg;rc2;rct;bin;rgs;gif;jpg;jpeg;jpe;resx;tiff;tif;png;wav;mfcribbon-ms</Extensions>
    </Filter>
  </ItemGroup>
  <ItemGroup>
    <ClCompile Include="..\..\cornucopia-lib\Cornucopia\Algorithm.cpp">
      <Filter>Source Files</Filter>
    </ClCompile>
    <ClCompile Include="..\..\cornucopia-lib\Cornucopia\Arc.cpp">
      <Filter>Source Files</Filter>
    </ClCompile>
    <ClCompile Include="..\..\cornucopia-lib\Cornucopia\Bezier.cpp">
      <Filter>Source Files</Filter>
    </ClCompile>
    <ClCompile Include="..\..\cornucopia-lib\Cornucopia\Clothoid.cpp">
      <Filter>Source Files</Filter>
    </ClCompile>
    <ClCompile Include="..\..\cornucopia-lib\Cornucopia\ClothoidProjector.cpp">
      <Filter>Source Files</Filter>
    </ClCompile>
    <ClCompile Include="..\..\cornucopia-lib\Cornucopia\Combiner.cpp">
      <Filter>Source Files</Filter>
    </ClCompile>
    <ClCompile Include="..\..\cornucopia-lib\Cornucopia\CornerDetector.cpp">
      <Filter>Source Files</Filter>
    </ClCompile>
    <ClCompile Include="..\..\cornucopia-lib\Cornucopia\CurvePrimitive.cpp">
      <Filter>Source Files</Filter>
    </ClCompile>
    <ClCompile Include="..\..\cornucopia-lib\Cornucopia\Debugging.cpp">
      <Filter>Source Files</Filter>
    </ClCompile>
    <ClCompile Include="..\..\cornucopia-lib\Cornucopia\ErrorComputer.cpp">
      <Filter>Source Files</Filter>
    </ClCompile>
    <ClCompile Include="..\..\cornucopia-lib\Cornucopia\Fitter.cpp">
      <Filter>Source Files</Filter>
    </ClCompile>
    <ClCompile Include="..\..\cornucopia-lib\Cornucopia\Fresnel.cpp">
      <Filter>Source Files</Filter>
    </ClCompile>
    <ClCompile Include="..\..\cornucopia-lib\Cornucopia\GraphConstructor.cpp">
      <Filter>Source Files</Filter>
    </ClCompile>
    <ClCompile Include="..\..\cornucopia-lib\Cornucopia\Line.cpp">
      <Filter>Source Files</Filter>
    </ClCompile>
    <ClCompile Include="..\..\cornucopia-lib\Cornucopia\Oversketcher.cpp">
      <Filter>Source Files</Filter>
    </ClCompile>
    <ClCompile Include="..\..\cornucopia-lib\Cornucopia\Parameters.cpp">
      <Filter>Source Files</Filter>
    </ClCompile>
    <ClCompile Include="..\..\cornucopia-lib\Cornucopia\PathFinder.cpp">
      <Filter>Source Files</Filter>
    </ClCompile>
    <ClCompile Include="..\..\cornucopia-lib\Cornucopia\PiecewiseLinearUtils.cpp">
      <Filter>Source Files</Filter>
    </ClCompile>
    <ClCompile Include="..\..\cornucopia-lib\Cornucopia\Polyline.cpp">
      <Filter>Source Files</Filter>
    </ClCompile>
    <ClCompile Include="..\..\cornucopia-lib\Cornucopia\Preprocessing.cpp">
      <Filter>Source Files</Filter>
    </ClCompile>
    <ClCompile Include="..\..\cornucopia-lib\Cornucopia\PrimitiveFitter.cpp">
      <Filter>Source Files</Filter>
    </ClCompile>
    <ClCompile Include="..\..\cornucopia-lib\Cornucopia\PrimitiveFitUtils.cpp">
      <Filter>Source Files</Filter>
    </ClCompile>
    <ClCompile Include="..\..\cornucopia-lib\Cornucopia\PrimitiveSequence.cpp">
      <Filter>Source Files</Filter>
    </ClCompile>
    <ClCompile Include="..\..\cornucopia-lib\Cornucopia\Resampler.cpp">
      <Filter>Source Files</Filter>
    </ClCompile>
    <ClCompile Include="..\..\cornucopia-lib\Cornucopia\SimpleAPI.cpp">
      <Filter>Source Files</Filter>
    </ClCompile>
    <ClCompile Include="..\..\cornucopia-lib\Cornucopia\Solver.cpp">
      <Filter>Source Files</Filter>
    </ClCompile>
    <ClCompile Include="..\..\cornucopia-lib\Cornucopia\TwoCurveCombine.cpp">
      <Filter>Source Files</Filter>
    </ClCompile>
    <ClCompile Include="..\..\cornucopia-lib\Cornucopia\NativeLib.cpp">
      <Filter>Source Files</Filter>
    </ClCompile>
    <ClCompile Include="..\..\cornucopia-lib\Cornucopia\jni_Cornucopia.cpp">
      <Filter>Source Files</Filter>
    </ClCompile>
  </ItemGroup>
  <ItemGroup>
    <ClInclude Include="..\..\cornucopia-lib\Cornucopia\Algorithm.h">
      <Filter>Header Files</Filter>
    </ClInclude>
    <ClInclude Include="..\..\cornucopia-lib\Cornucopia\AngleUtils.h">
      <Filter>Header Files</Filter>
    </ClInclude>
    <ClInclude Include="..\..\cornucopia-lib\Cornucopia\Arc.h">
      <Filter>Header Files</Filter>
    </ClInclude>
    <ClInclude Include="..\..\cornucopia-lib\Cornucopia\Bezier.h">
      <Filter>Header Files</Filter>
    </ClInclude>
    <ClInclude Include="..\..\cornucopia-lib\Cornucopia\Clothoid.h">
      <Filter>Header Files</Filter>
    </ClInclude>
    <ClInclude Include="..\..\cornucopia-lib\Cornucopia\Combiner.h">
      <Filter>Header Files</Filter>
    </ClInclude>
    <ClInclude Include="..\..\cornucopia-lib\Cornucopia\CornerDetector.h">
      <Filter>Header Files</Filter>
    </ClInclude>
    <ClInclude Include="..\..\cornucopia-lib\Cornucopia\Cornucopia.h">
      <Filter>Header Files</Filter>
    </ClInclude>
    <ClInclude Include="..\..\cornucopia-lib\Cornucopia\Curve.h">
      <Filter>Header Files</Filter>
    </ClInclude>
    <ClInclude Include="..\..\cornucopia-lib\Cornucopia\CurvePrimitive.h">
      <Filter>Header Files</Filter>
    </ClInclude>
    <ClInclude Include="..\..\cornucopia-lib\Cornucopia\Debugging.h">
      <Filter>Header Files</Filter>
    </ClInclude>
    <ClInclude Include="..\..\cornucopia-lib\Cornucopia\defs.h">
      <Filter>Header Files</Filter>
    </ClInclude>
    <ClInclude Include="..\..\cornucopia-lib\Cornucopia\ErrorComputer.h">
      <Filter>Header Files</Filter>
    </ClInclude>
    <ClInclude Include="..\..\cornucopia-lib\Cornucopia\Fitter.h">
      <Filter>Header Files</Filter>
    </ClInclude>
    <ClInclude Include="..\..\cornucopia-lib\Cornucopia\Fresnel.h">
      <Filter>Header Files</Filter>
    </ClInclude>
    <ClInclude Include="..\..\cornucopia-lib\Cornucopia\GraphConstructor.h">
      <Filter>Header Files</Filter>
    </ClInclude>
    <ClInclude Include="..\..\cornucopia-lib\Cornucopia\Line.h">
      <Filter>Header Files</Filter>
    </ClInclude>
    <ClInclude Include="..\..\cornucopia-lib\Cornucopia\Oversketcher.h">
      <Filter>Header Files</Filter>
    </ClInclude>
    <ClInclude Include="..\..\cornucopia-lib\Cornucopia\Parameters.h">
      <Filter>Header Files</Filter>
    </ClInclude>
    <ClInclude Include="..\..\cornucopia-lib\Cornucopia\PathFinder.h">
      <Filter>Header Files</Filter>
    </ClInclude>
    <ClInclude Include="..\..\cornucopia-lib\Cornucopia\PiecewiseLinearUtils.h">
      <Filter>Header Files</Filter>
    </ClInclude>
    <ClInclude Include="..\..\cornucopia-lib\Cornucopia\Polyline.h">
      <Filter>Header Files</Filter>
    </ClInclude>
    <ClInclude Include="..\..\cornucopia-lib\Cornucopia\Preprocessing.h">
      <Filter>Header Files</Filter>
    </ClInclude>
    <ClInclude Include="..\..\cornucopia-lib\Cornucopia\PrimitiveFitter.h">
      <Filter>Header Files</Filter>
    </ClInclude>
    <ClInclude Include="..\..\cornucopia-lib\Cornucopia\PrimitiveFitUtils.h">
      <Filter>Header Files</Filter>
    </ClInclude>
    <ClInclude Include="..\..\cornucopia-lib\Cornucopia\PrimitiveSequence.h">
      <Filter>Header Files</Filter>
    </ClInclude>
    <ClInclude Include="..\..\cornucopia-lib\Cornucopia\Resampler.h">
      <Filter>Header Files</Filter>
    </ClInclude>
    <ClInclude Include="..\..\cornucopia-lib\Cornucopia\SimpleAPI.h">
      <Filter>Header Files</Filter>
    </ClInclude>
    <ClInclude Include="..\..\cornucopia-lib\Cornucopia\smart_ptr.h">
      <Filter>Header Files</Filter>
    </ClInclude>
    <ClInclude Include="..\..\cornucopia-lib\Cornucopia\Solver.h">
      <Filter>Header Files</Filter>
    </ClInclude>
    <ClInclude Include="..\..\cornucopia-lib\Cornucopia\TwoCurveCombine.h">
      <Filter>Header Files</Filter>
    </ClInclude>
    <ClInclude Include="..\..\cornucopia-lib\Cornucopia\VectorC.h">
      <Filter>Header Files</Filter>
    </ClInclude>
    <ClInclude Include="..\..\cornucopia-lib\Cornucopia\NativeLib.h">
      <Filter>Header Files</Filter>
    </ClInclude>
    <ClInclude Include="..\..\cornucopia-lib\Cornucopia\jni_Cornucopia.h">
      <Filter>Header Files</Filter>
    </ClInclude>
  </ItemGroup>
</Project>