
Microsoft Visual Studio Solution File, Format Version 12.00
# Visual Studio 2012
Project("{8BC9CEB8-8B4A-11D0-8D11-00A0C91BC942}") = "cornucopia", "cornucopia\cornucopia.vcxproj", "{4B35192A-5105-47F3-A490-9DC12CFD9D01}"
EndProject
Project("{8BC9CEB8-8B4A-11D0-8D11-00A0C91BC942}") = "DemoUI", "DemoUI\DemoUI.vcxproj", "{166F0DE0-ABCA-4C98-9735-E2DCDA9C117B}"
EndProject
Global
	GlobalSection(SolutionConfigurationPlatforms) = preSolution
		Debug|Win32 = Debug|Win32
		Jni|Win32 = Jni|Win32
		Release|Win32 = Release|Win32
	EndGlobalSection
	GlobalSection(ProjectConfigurationPlatforms) = postSolution
		{4B35192A-5105-47F3-A490-9DC12CFD9D01}.Debug|Win32.ActiveCfg = Debug|Win32
		{4B35192A-5105-47F3-A490-9DC12CFD9D01}.Debug|Win32.Build.0 = Debug|Win32
		{4B35192A-5105-47F3-A490-9DC12CFD9D01}.Jni|Win32.ActiveCfg = Jni|Win32
		{4B35192A-5105-47F3-A490-9DC12CFD9D01}.Jni|Win32.Build.0 = Jni|Win32
		{4B35192A-5105-47F3-A490-9DC12CFD9D01}.Release|Win32.ActiveCfg = Release|Win32
		{4B35192A-5105-47F3-A490-9DC12CFD9D01}.Release|Win32.Build.0 = Release|Win32
		{166F0DE0-ABCA-4C98-9735-E2DCDA9C117B}.Debug|Win32.ActiveCfg = Debug|Win32
		{166F0DE0-ABCA-4C98-9735-E2DCDA9C117B}.Debug|Win32.Build.0 = Debug|Win32
		{166F0DE0-ABCA-4C98-9735-E2DCDA9C117B}.Jni|Win32.ActiveCfg = Release|Win32
		{166F0DE0-ABCA-4C98-9735-E2DCDA9C117B}.Release|Win32.ActiveCfg = Release|Win32
		{166F0DE0-ABCA-4C98-9735-E2DCDA9C117B}.Release|Win32.Build.0 = Release|Win32
	EndGlobalSection
	GlobalSection(SolutionProperties) = preSolution
		HideSolutionNode = FALSE
	EndGlobalSection
EndGlobal
